
Microsoft Visual Studio Solution File, Format Version 12.00
# Visual Studio Version 17
VisualStudioVersion = 17.8.34330.188
MinimumVisualStudioVersion = 10.0.40219.1
Project("{FAE04EC0-301F-11D3-BF4B-00C04F79EFBC}") = "ProjectHorizon.Shared.Library", "ProjectHorizon.Shared.Library.csproj", "{8856B266-C53D-47AE-99D2-179311CDB966}"
EndProject
Global
	GlobalSection(SolutionConfigurationPlatforms) = preSolution
		Debug|Any CPU = Debug|Any CPU
		Release|Any CPU = Release|Any CPU
	EndGlobalSection
	GlobalSection(ProjectConfigurationPlatforms) = postSolution
		{8856B266-C53D-47AE-99D2-179311CDB966}.Debug|Any CPU.ActiveCfg = Debug|Any CPU
		{8856B266-C53D-47AE-99D2-179311CDB966}.Debug|Any CPU.Build.0 = Debug|Any CPU
		{8856B266-C53D-47AE-99D2-179311CDB966}.Release|Any CPU.ActiveCfg = Release|Any CPU
		{8856B266-C53D-47AE-99D2-179311CDB966}.Release|Any CPU.Build.0 = Release|Any CPU
	EndGlobalSection
	GlobalSection(SolutionProperties) = preSolution
		HideSolutionNode = FALSE
	EndGlobalSection
	GlobalSection(ExtensibilityGlobals) = postSolution
		SolutionGuid = {34F97C78-ACE4-493C-8B25-52D21DF37D8A}
	EndGlobalSection
EndGlobal
