
Microsoft Visual Studio Solution File, Format Version 12.00
# Visual Studio Version 17
VisualStudioVersion = 17.8.34330.188
MinimumVisualStudioVersion = 10.0.40219.1
Project("{FAE04EC0-301F-11D3-BF4B-00C04F79EFBC}") = "Datashifter", "Datashifter.csproj", "{A86410BD-D5AA-4C43-89A2-DB6022DF127D}"
EndProject
Global
	GlobalSection(SolutionConfigurationPlatforms) = preSolution
		Debug|Any CPU = Debug|Any CPU
		Release|Any CPU = Release|Any CPU
	EndGlobalSection
	GlobalSection(ProjectConfigurationPlatforms) = postSolution
		{A86410BD-D5AA-4C43-89A2-DB6022DF127D}.Debug|Any CPU.ActiveCfg = Debug|Any CPU
		{A86410BD-D5AA-4C43-89A2-DB6022DF127D}.Debug|Any CPU.Build.0 = Debug|Any CPU
		{A86410BD-D5AA-4C43-89A2-DB6022DF127D}.Release|Any CPU.ActiveCfg = Release|Any CPU
		{A86410BD-D5AA-4C43-89A2-DB6022DF127D}.Release|Any CPU.Build.0 = Release|Any CPU
	EndGlobalSection
	GlobalSection(SolutionProperties) = preSolution
		HideSolutionNode = FALSE
	EndGlobalSection
	GlobalSection(ExtensibilityGlobals) = postSolution
		SolutionGuid = {9A3626B0-5D2C-4C97-9F1E-D982A9D3AB69}
	EndGlobalSection
EndGlobal
